
Microsoft Visual Studio Solution File, Format Version 12.00
# Visual Studio Version 16
VisualStudioVersion = 16.0.31019.35
MinimumVisualStudioVersion = 10.0.40219.1
Project("{9A19103F-16F7-4668-BE54-9A1E7A4F7556}") = "Farm", "SingleInheritance\Farm.csproj", "{A2425E44-EC09-41FF-B68F-9D729A178183}"
EndProject
Project("{FAE04EC0-301F-11D3-BF4B-00C04F79EFBC}") = "CustomRandomList", "CustomRandomList\CustomRandomList.csproj", "{6E29B751-326D-4737-A491-514D7AA4783E}"
EndProject
Project("{FAE04EC0-301F-11D3-BF4B-00C04F79EFBC}") = "CustomStack", "CustomStack\CustomStack.csproj", "{9502E84E-3146-4128-9C54-1808B90E1ED8}"
EndProject
Global
	GlobalSection(SolutionConfigurationPlatforms) = preSolution
		Debug|Any CPU = Debug|Any CPU
		Release|Any CPU = Release|Any CPU
	EndGlobalSection
	GlobalSection(ProjectConfigurationPlatforms) = postSolution
		{A2425E44-EC09-41FF-B68F-9D729A178183}.Debug|Any CPU.ActiveCfg = Debug|Any CPU
		{A2425E44-EC09-41FF-B68F-9D729A178183}.Debug|Any CPU.Build.0 = Debug|Any CPU
		{A2425E44-EC09-41FF-B68F-9D729A178183}.Release|Any CPU.ActiveCfg = Release|Any CPU
		{A2425E44-EC09-41FF-B68F-9D729A178183}.Release|Any CPU.Build.0 = Release|Any CPU
		{6E29B751-326D-4737-A491-514D7AA4783E}.Debug|Any CPU.ActiveCfg = Debug|Any CPU
		{6E29B751-326D-4737-A491-514D7AA4783E}.Debug|Any CPU.Build.0 = Debug|Any CPU
		{6E29B751-326D-4737-A491-514D7AA4783E}.Release|Any CPU.ActiveCfg = Release|Any CPU
		{6E29B751-326D-4737-A491-514D7AA4783E}.Release|Any CPU.Build.0 = Release|Any CPU
		{9502E84E-3146-4128-9C54-1808B90E1ED8}.Debug|Any CPU.ActiveCfg = Debug|Any CPU
		{9502E84E-3146-4128-9C54-1808B90E1ED8}.Debug|Any CPU.Build.0 = Debug|Any CPU
		{9502E84E-3146-4128-9C54-1808B90E1ED8}.Release|Any CPU.ActiveCfg = Release|Any CPU
		{9502E84E-3146-4128-9C54-1808B90E1ED8}.Release|Any CPU.Build.0 = Release|Any CPU
	EndGlobalSection
	GlobalSection(SolutionProperties) = preSolution
		HideSolutionNode = FALSE
	EndGlobalSection
	GlobalSection(ExtensibilityGlobals) = postSolution
		SolutionGuid = {8E6E04A7-6C66-4AF9-882A-E5F8FEC13025}
	EndGlobalSection
EndGlobal
